hash: 847c4093204066d981af914d637f6c3657ea0e622b24c5a21eaace890385f07c
updated: 2018-08-07T16:25:36.018235+08:00
imports:
- name: github.com/ghodss/yaml
  version: e9ed3c6dfb39bb1a32197cb10d527906fe4da4b6
- name: github.com/imdario/mergo
  version: 9f23e2d6bd2a77f959b2bf6acdbefd708a83a4a4
- name: github.com/inconshreveable/mousetrap
  version: 76626ae9c91c4f2a10f34cad8ce83ea42c93bb75
- name: github.com/spf13/cobra
  version: 7c4570c3ebeb8129a1f7456d0908a8b676b6f9f1
- name: github.com/spf13/pflag
  version: 3ebe029320b2676d667ae88da602a5f854788a8a
- name: gopkg.in/yaml.v2
  version: 5420a8b6744d3b0345ab293f6fcba19c978f1183
- name: k8s.io/helm
  version: 20adb27c7c5868466912eebdf6664e7390ebe710
  subpackages:
  - pkg/chartutil
  - pkg/engine
testImports: []
